version = 1
requires-python = ">=3.9"

[[package]]
name = "ndef-writer"
version = "0.1.0"
source = { virtual = "." }
dependencies = [
    { name = "pyscard" },
]

[package.metadata]
requires-dist = [{ name = "pyscard", specifier = ">=2.2.1" }]

[[package]]
name = "pyscard"
version = "2.2.1"
source = { registry = "https://pypi.org/simple" }
dependencies = [
    { name = "typing-extensions", marker = "python_full_version < '3.10'" },
]
sdist = { url = "https://files.pythonhosted.org/packages/fe/19/73e8fc37356a4232f9a86acf3794a0f6d8e014430f1f88153ae19fc21d88/pyscard-2.2.1.tar.gz", hash = "sha256:920e688a5108224cb19b915c3fd7ea7cf3d1aa379587ffd087973e84c13f8d94", size = 156518 }
wheels = [
    { url = "https://files.pythonhosted.org/packages/e9/fc/74edf0e454bd8649fa7ee0d64d4918f73e650397816e4167e15d33595d7f/pyscard-2.2.1-cp310-cp310-macosx_10_9_universal2.whl", hash = "sha256:e0e85b8a0a316690be7d5b2e85302651f0443db271a8ca77cb09f8a6fdd6ebfa", size = 166479 },
    { url = "https://files.pythonhosted.org/packages/07/cb/5fa6d5db99ed2d3b5a28787e0c1c8410bbe84a5fef6f5f756b0ab67da210/pyscard-2.2.1-cp310-cp310-win32.whl", hash = "sha256:fcac209666236bd08d876834f8233046713139490b46a37baa19e4eee959d003", size = 136808 },
    { url = "https://files.pythonhosted.org/packages/34/e0/6a85a56f70ec4952566e06843f63d4ab638c3220f97d53d16d31ace70846/pyscard-2.2.1-cp310-cp310-win_amd64.whl", hash = "sha256:4a638bc33d6c6b4a95ac4e7b5eb4426b3e1d0c5b74e018a650294473456b43c3", size = 142812 },
    { url = "https://files.pythonhosted.org/packages/0b/b3/bd45d16fb48124d2111e980c495878d278b3a0dbdc5e98736eae1c755b70/pyscard-2.2.1-cp311-cp311-macosx_10_9_universal2.whl", hash = "sha256:21b458aef2baaf97a3dc719b7d6d94d9333d5cff703536688ee9881993607328", size = 166467 },
    { url = "https://files.pythonhosted.org/packages/fb/8c/a962640ce4a7b93bd09bc91830cc75fb466e53785399b7be0a5fa6c1eabc/pyscard-2.2.1-cp311-cp311-win32.whl", hash = "sha256:4bec90a07e25220a6eeaa2a6d6e45c60ce40b5e0f0c7059f03f16357c01e66a8", size = 136809 },
    { url = "https://files.pythonhosted.org/packages/56/e3/99c0500ccfe97e2c87690fc79f6cb861c9626a7f68c68604bb70b7f6708c/pyscard-2.2.1-cp311-cp311-win_amd64.whl", hash = "sha256:aa886dda9d6dfc9acb58902dca1db6da7cf22a6dd284ded08ad6bf1ac7b207fc", size = 142811 },
    { url = "https://files.pythonhosted.org/packages/ae/2b/a748cb1e8816a13e6b86de291b49687f848f581d4bfb323af39a6b22d60b/pyscard-2.2.1-cp312-cp312-macosx_10_13_universal2.whl", hash = "sha256:cc2157faa3e75bfb81f393215c2fb980757a5f466015acb6cd221769ba5fc52d", size = 166873 },
    { url = "https://files.pythonhosted.org/packages/1b/a7/8620c665a12179d8096294d29cc24214c160f1c18784e64021dd8f4da8a1/pyscard-2.2.1-cp312-cp312-macosx_14_0_x86_64.whl", hash = "sha256:8a682ecb2ac56d88f265f2bc0afe032f8ffc2ec544f384d7a0cdea2d08cae35c", size = 135997 },
    { url = "https://files.pythonhosted.org/packages/53/b3/899cff8b9458c870fb81eb7e1c49c0c5a1220772c6a1e3b873e55ca1fa69/pyscard-2.2.1-cp312-cp312-win32.whl", hash = "sha256:0a96499b4e910ad4a8244d5406dc6afb4c91812e1124b992832b48e9e4d93b7e", size = 137080 },
    { url = "https://files.pythonhosted.org/packages/40/bc/142b94ae32d3bf2f5d5f45c5651f8092450a95bef277fcc1275d9703fc9d/pyscard-2.2.1-cp312-cp312-win_amd64.whl", hash = "sha256:7acb878270ee58379474646fa6be17dd101b8d870eeadb004f3c2cad736b0b09", size = 143130 },
    { url = "https://files.pythonhosted.org/packages/af/ca/e3426cd0c628d816fe261c918d6bfe0e38369c9378dbb361596c922b7b57/pyscard-2.2.1-cp313-cp313-macosx_10_13_universal2.whl", hash = "sha256:803b52f04389456a011ae8b3c02bcdc232e69b32c137b8b5c8695430bb2006af", size = 166883 },
    { url = "https://files.pythonhosted.org/packages/42/0c/0e7afbdb82aa8548530f629082c5487dc1bee84b14897f1da6d87d520eee/pyscard-2.2.1-cp313-cp313-macosx_14_0_x86_64.whl", hash = "sha256:dc926ba396c1fa6e4db1007b9e62b2f330c79c943c3bbbb893908f589071fc86", size = 135997 },
    { url = "https://files.pythonhosted.org/packages/0c/4b/d88c703f9e427c7ae24a168ee0eb34fad334903e735ef0458a973af058df/pyscard-2.2.1-cp313-cp313-win32.whl", hash = "sha256:2aca599294cd5178d359627b9b58a8e636ea3ebd73b70da79a95c684be985c83", size = 137085 },
    { url = "https://files.pythonhosted.org/packages/a1/78/d3b6e74df88480d7d1812627ef904d0dc1eb343764c0c59010b07c287588/pyscard-2.2.1-cp313-cp313-win_amd64.whl", hash = "sha256:9c33a6cd75479f3f2e1f812399d228e371f030d6f0630b69c34a02519bbf6dca", size = 143134 },
    { url = "https://files.pythonhosted.org/packages/01/5d/d6d56f05515cce6937bff484461151de520802fdc817da7fd4ff751373ac/pyscard-2.2.1-cp39-cp39-macosx_10_9_universal2.whl", hash = "sha256:affafc324ed4a8e735c392e7576f8b55c26a7f2c4f529e3ccb2adf88531d85a4", size = 136192 },
    { url = "https://files.pythonhosted.org/packages/6c/5b/d47e865b301024dbbe3ab2f8569efca3a1dd2e499a9b22ba411114a65435/pyscard-2.2.1-cp39-cp39-win32.whl", hash = "sha256:b209b6f4c996f9c4a7e04fb3e3e8210f4175986b2bc36ef5d735667d53071381", size = 136798 },
    { url = "https://files.pythonhosted.org/packages/ad/ca/d30f541e12574a4d82a27e6c64f3f2639d9f2e59dcde573ea290b698dcd3/pyscard-2.2.1-cp39-cp39-win_amd64.whl", hash = "sha256:4b7615ff1c6b620136ce554e528affe93bdd9f705601ac23453c2c5d56bf979b", size = 142808 },
]

[[package]]
name = "typing-extensions"
version = "4.12.2"
source = { registry = "https://pypi.org/simple" }
sdist = { url = "https://files.pythonhosted.org/packages/df/db/f35a00659bc03fec321ba8bce9420de607a1d37f8342eee1863174c69557/typing_extensions-4.12.2.tar.gz", hash = "sha256:1a7ead55c7e559dd4dee8856e3a88b41225abfe1ce8df57b7c13915fe121ffb8", size = 85321 }
wheels = [
    { url = "https://files.pythonhosted.org/packages/26/9f/ad63fc0248c5379346306f8668cda6e2e2e9c95e01216d2b8ffd9ff037d0/typing_extensions-4.12.2-py3-none-any.whl", hash = "sha256:04e5ca0351e0f3f85c6853954072df659d0d13fac324d0072316b67d7794700d", size = 37438 },
]
